
Microsoft Visual Studio Solution File, Format Version 12.00
# Visual Studio 14
VisualStudioVersion = 14.0.25420.1
MinimumVisualStudioVersion = 10.0.40219.1
Project("{2150E333-8FDC-42A3-9474-1A3956D46DE8}") = "Plugins", "Plugins", "{F652D831-0FB7-46B3-AE8E-12ADA2504C20}"
EndProject
Project("{FAE04EC0-301F-11D3-BF4B-00C04F79EFBC}") = "TransactSqlAnalyzer", "TransactSqlAnalyzer\TransactSqlAnalyzer.csproj", "{6AC65752-33A0-41E8-B4C1-C888493CD8EF}"
	ProjectSection(ProjectDependencies) = postProject
		{AC8D248D-5FFD-4731-B067-15E12DC24CFF} = {AC8D248D-5FFD-4731-B067-15E12DC24CFF}
	EndProjectSection
EndProject
Project("{FAE04EC0-301F-11D3-BF4B-00C04F79EFBC}") = "TransactSqlAnalyzer.Core", "TransactSqlAnalyzer.Core\TransactSqlAnalyzer.Core.csproj", "{E4231566-65D7-49FA-9ADE-F66CF08AB96A}"
EndProject
Project("{FAE04EC0-301F-11D3-BF4B-00C04F79EFBC}") = "TransactSqlAnalyzer.Rules.Common", "TransactSqlAnalyzer.Rules.Common\TransactSqlAnalyzer.Rules.Common.csproj", "{654A7653-9E57-42E4-9EA3-D1D65E37A795}"
EndProject
Project("{FAE04EC0-301F-11D3-BF4B-00C04F79EFBC}") = "TransactSqlAnalyzer.WinForms", "TransactSqlAnalyzer.WinForms\TransactSqlAnalyzer.WinForms.csproj", "{905ED0AD-014B-49EE-95F0-F98AE75BB836}"
EndProject
Project("{FAE04EC0-301F-11D3-BF4B-00C04F79EFBC}") = "TransactSqlAnalyzer.Tests", "TransactSqlAnalyzer.Tests\TransactSqlAnalyzer.Tests.csproj", "{337BB9DE-0BC4-4F92-8C7F-01989BFE9FF0}"
EndProject
Project("{FAE04EC0-301F-11D3-BF4B-00C04F79EFBC}") = "TransactSqlAnalyzer.Config.WinForms", "TransactSqlAnalyzer.Config.WinForms\TransactSqlAnalyzer.Config.WinForms.csproj", "{79BCFB55-9BEC-4565-8964-FCE3883964D0}"
	ProjectSection(ProjectDependencies) = postProject
		{C973B175-DE66-4BB9-87A2-E41D0C017836} = {C973B175-DE66-4BB9-87A2-E41D0C017836}
		{AC8D248D-5FFD-4731-B067-15E12DC24CFF} = {AC8D248D-5FFD-4731-B067-15E12DC24CFF}
	EndProjectSection
EndProject
Project("{FAE04EC0-301F-11D3-BF4B-00C04F79EFBC}") = "TransactSqlAnalyzer.Rules", "TransactSqlAnalyzer.Rules\TransactSqlAnalyzer.Rules.csproj", "{AC8D248D-5FFD-4731-B067-15E12DC24CFF}"
EndProject
Project("{FAE04EC0-301F-11D3-BF4B-00C04F79EFBC}") = "TransactSqlAnalyzer.Rules.Tests", "TransactSqlAnalyzer.Rules.Tests\TransactSqlAnalyzer.Rules.Tests.csproj", "{A9D3DB0D-A0AF-474C-AD96-2617179C69BA}"
EndProject
Project("{FAE04EC0-301F-11D3-BF4B-00C04F79EFBC}") = "TransactSqlAnalyzer.Rules.WinForms.Tests", "TransactSqlAnalyzer.Rules.WinForms.Tests\TransactSqlAnalyzer.Rules.WinForms.Tests.csproj", "{6967C21E-6370-46BD-9CCE-979479448291}"
EndProject
Project("{FAE04EC0-301F-11D3-BF4B-00C04F79EFBC}") = "TransactSqlAnalyzer.Rules.WinForms", "TransactSqlAnalyzer.Rules.WinForms\TransactSqlAnalyzer.Rules.WinForms.csproj", "{C973B175-DE66-4BB9-87A2-E41D0C017836}"
EndProject
Global
	GlobalSection(SolutionConfigurationPlatforms) = preSolution
		Debug|Any CPU = Debug|Any CPU
		Release|Any CPU = Release|Any CPU
	EndGlobalSection
	GlobalSection(ProjectConfigurationPlatforms) = postSolution
		{6AC65752-33A0-41E8-B4C1-C888493CD8EF}.Debug|Any CPU.ActiveCfg = Debug|Any CPU
		{6AC65752-33A0-41E8-B4C1-C888493CD8EF}.Debug|Any CPU.Build.0 = Debug|Any CPU
		{6AC65752-33A0-41E8-B4C1-C888493CD8EF}.Release|Any CPU.ActiveCfg = Release|Any CPU
		{6AC65752-33A0-41E8-B4C1-C888493CD8EF}.Release|Any CPU.Build.0 = Release|Any CPU
		{E4231566-65D7-49FA-9ADE-F66CF08AB96A}.Debug|Any CPU.ActiveCfg = Debug|Any CPU
		{E4231566-65D7-49FA-9ADE-F66CF08AB96A}.Debug|Any CPU.Build.0 = Debug|Any CPU
		{E4231566-65D7-49FA-9ADE-F66CF08AB96A}.Release|Any CPU.ActiveCfg = Release|Any CPU
		{E4231566-65D7-49FA-9ADE-F66CF08AB96A}.Release|Any CPU.Build.0 = Release|Any CPU
		{654A7653-9E57-42E4-9EA3-D1D65E37A795}.Debug|Any CPU.ActiveCfg = Debug|Any CPU
		{654A7653-9E57-42E4-9EA3-D1D65E37A795}.Debug|Any CPU.Build.0 = Debug|Any CPU
		{654A7653-9E57-42E4-9EA3-D1D65E37A795}.Release|Any CPU.ActiveCfg = Release|Any CPU
		{654A7653-9E57-42E4-9EA3-D1D65E37A795}.Release|Any CPU.Build.0 = Release|Any CPU
		{905ED0AD-014B-49EE-95F0-F98AE75BB836}.Debug|Any CPU.ActiveCfg = Debug|Any CPU
		{905ED0AD-014B-49EE-95F0-F98AE75BB836}.Debug|Any CPU.Build.0 = Debug|Any CPU
		{905ED0AD-014B-49EE-95F0-F98AE75BB836}.Release|Any CPU.ActiveCfg = Release|Any CPU
		{905ED0AD-014B-49EE-95F0-F98AE75BB836}.Release|Any CPU.Build.0 = Release|Any CPU
		{337BB9DE-0BC4-4F92-8C7F-01989BFE9FF0}.Debug|Any CPU.ActiveCfg = Debug|Any CPU
		{337BB9DE-0BC4-4F92-8C7F-01989BFE9FF0}.Debug|Any CPU.Build.0 = Debug|Any CPU
		{337BB9DE-0BC4-4F92-8C7F-01989BFE9FF0}.Release|Any CPU.ActiveCfg = Release|Any CPU
		{337BB9DE-0BC4-4F92-8C7F-01989BFE9FF0}.Release|Any CPU.Build.0 = Release|Any CPU
		{79BCFB55-9BEC-4565-8964-FCE3883964D0}.Debug|Any CPU.ActiveCfg = Debug|Any CPU
		{79BCFB55-9BEC-4565-8964-FCE3883964D0}.Debug|Any CPU.Build.0 = Debug|Any CPU
		{79BCFB55-9BEC-4565-8964-FCE3883964D0}.Release|Any CPU.ActiveCfg = Release|Any CPU
		{79BCFB55-9BEC-4565-8964-FCE3883964D0}.Release|Any CPU.Build.0 = Release|Any CPU
		{AC8D248D-5FFD-4731-B067-15E12DC24CFF}.Debug|Any CPU.ActiveCfg = Debug|Any CPU
		{AC8D248D-5FFD-4731-B067-15E12DC24CFF}.Debug|Any CPU.Build.0 = Debug|Any CPU
		{AC8D248D-5FFD-4731-B067-15E12DC24CFF}.Release|Any CPU.ActiveCfg = Release|Any CPU
		{AC8D248D-5FFD-4731-B067-15E12DC24CFF}.Release|Any CPU.Build.0 = Release|Any CPU
		{A9D3DB0D-A0AF-474C-AD96-2617179C69BA}.Debug|Any CPU.ActiveCfg = Debug|Any CPU
		{A9D3DB0D-A0AF-474C-AD96-2617179C69BA}.Debug|Any CPU.Build.0 = Debug|Any CPU
		{A9D3DB0D-A0AF-474C-AD96-2617179C69BA}.Release|Any CPU.ActiveCfg = Release|Any CPU
		{A9D3DB0D-A0AF-474C-AD96-2617179C69BA}.Release|Any CPU.Build.0 = Release|Any CPU
		{6967C21E-6370-46BD-9CCE-979479448291}.Debug|Any CPU.ActiveCfg = Debug|Any CPU
		{6967C21E-6370-46BD-9CCE-979479448291}.Debug|Any CPU.Build.0 = Debug|Any CPU
		{6967C21E-6370-46BD-9CCE-979479448291}.Release|Any CPU.ActiveCfg = Release|Any CPU
		{6967C21E-6370-46BD-9CCE-979479448291}.Release|Any CPU.Build.0 = Release|Any CPU
		{C973B175-DE66-4BB9-87A2-E41D0C017836}.Debug|Any CPU.ActiveCfg = Debug|Any CPU
		{C973B175-DE66-4BB9-87A2-E41D0C017836}.Debug|Any CPU.Build.0 = Debug|Any CPU
		{C973B175-DE66-4BB9-87A2-E41D0C017836}.Release|Any CPU.ActiveCfg = Release|Any CPU
		{C973B175-DE66-4BB9-87A2-E41D0C017836}.Release|Any CPU.Build.0 = Release|Any CPU
	EndGlobalSection
	GlobalSection(SolutionProperties) = preSolution
		HideSolutionNode = FALSE
	EndGlobalSection
	GlobalSection(NestedProjects) = preSolution
		{AC8D248D-5FFD-4731-B067-15E12DC24CFF} = {F652D831-0FB7-46B3-AE8E-12ADA2504C20}
		{A9D3DB0D-A0AF-474C-AD96-2617179C69BA} = {F652D831-0FB7-46B3-AE8E-12ADA2504C20}
		{6967C21E-6370-46BD-9CCE-979479448291} = {F652D831-0FB7-46B3-AE8E-12ADA2504C20}
		{C973B175-DE66-4BB9-87A2-E41D0C017836} = {F652D831-0FB7-46B3-AE8E-12ADA2504C20}
	EndGlobalSection
EndGlobal
